
Microsoft Visual Studio Solution File, Format Version 12.00
# Visual Studio Version 17
VisualStudioVersion = 17.8.34525.116
MinimumVisualStudioVersion = 10.0.40219.1
Project("{9A19103F-16F7-4668-BE54-9A1E7A4F7556}") = "Controle.Api", "Controle.Api\Controle.Api.csproj", "{EE923FB4-8C8D-4DD0-A03D-402D28DD8987}"
EndProject
Project("{9A19103F-16F7-4668-BE54-9A1E7A4F7556}") = "LocalizLogin", "LocalizLogin\LocalizLogin.csproj", "{72195FD2-517B-447E-A31A-32DB29535ADA}"
EndProject
Project("{9A19103F-16F7-4668-BE54-9A1E7A4F7556}") = "Compartilhado", "Compartilhado\Compartilhado.csproj", "{3298E3E1-A283-4F7E-9806-66977BC85E9E}"
EndProject
Project("{E53339B2-1760-4266-BCC7-CA923CBCF16C}") = "docker-compose", "docker-compose.dcproj", "{DF9E387F-84BE-40EC-81C0-99B96D734F84}"
EndProject
Global
	GlobalSection(SolutionConfigurationPlatforms) = preSolution
		Debug|Any CPU = Debug|Any CPU
		Release|Any CPU = Release|Any CPU
	EndGlobalSection
	GlobalSection(ProjectConfigurationPlatforms) = postSolution
		{EE923FB4-8C8D-4DD0-A03D-402D28DD8987}.Debug|Any CPU.ActiveCfg = Debug|Any CPU
		{EE923FB4-8C8D-4DD0-A03D-402D28DD8987}.Debug|Any CPU.Build.0 = Debug|Any CPU
		{EE923FB4-8C8D-4DD0-A03D-402D28DD8987}.Release|Any CPU.ActiveCfg = Release|Any CPU
		{EE923FB4-8C8D-4DD0-A03D-402D28DD8987}.Release|Any CPU.Build.0 = Release|Any CPU
		{72195FD2-517B-447E-A31A-32DB29535ADA}.Debug|Any CPU.ActiveCfg = Debug|Any CPU
		{72195FD2-517B-447E-A31A-32DB29535ADA}.Debug|Any CPU.Build.0 = Debug|Any CPU
		{72195FD2-517B-447E-A31A-32DB29535ADA}.Release|Any CPU.ActiveCfg = Release|Any CPU
		{72195FD2-517B-447E-A31A-32DB29535ADA}.Release|Any CPU.Build.0 = Release|Any CPU
		{3298E3E1-A283-4F7E-9806-66977BC85E9E}.Debug|Any CPU.ActiveCfg = Debug|Any CPU
		{3298E3E1-A283-4F7E-9806-66977BC85E9E}.Debug|Any CPU.Build.0 = Debug|Any CPU
		{3298E3E1-A283-4F7E-9806-66977BC85E9E}.Release|Any CPU.ActiveCfg = Release|Any CPU
		{3298E3E1-A283-4F7E-9806-66977BC85E9E}.Release|Any CPU.Build.0 = Release|Any CPU
		{DF9E387F-84BE-40EC-81C0-99B96D734F84}.Debug|Any CPU.ActiveCfg = Debug|Any CPU
		{DF9E387F-84BE-40EC-81C0-99B96D734F84}.Debug|Any CPU.Build.0 = Debug|Any CPU
		{DF9E387F-84BE-40EC-81C0-99B96D734F84}.Release|Any CPU.ActiveCfg = Release|Any CPU
		{DF9E387F-84BE-40EC-81C0-99B96D734F84}.Release|Any CPU.Build.0 = Release|Any CPU
	EndGlobalSection
	GlobalSection(SolutionProperties) = preSolution
		HideSolutionNode = FALSE
	EndGlobalSection
	GlobalSection(ExtensibilityGlobals) = postSolution
		SolutionGuid = {DEC7D0F6-E542-47BD-93E7-911706FB577A}
	EndGlobalSection
EndGlobal
